
Microsoft Visual Studio Solution File, Format Version 12.00
# Visual Studio Version 16
VisualStudioVersion = 16.0.33927.289
MinimumVisualStudioVersion = 10.0.40219.1
Project("{FAE04EC0-301F-11D3-BF4B-00C04F79EFBC}") = "CalculatorConsoleApp", "CalculatorConsoleApp\CalculatorConsoleApp.csproj", "{DDB6704D-1337-479F-84FF-46BB70959760}"
EndProject
Project("{FAE04EC0-301F-11D3-BF4B-00C04F79EFBC}") = "CalculatorWindowsFormsApp", "CalculatorWindowsFormsApp\CalculatorWindowsFormsApp.csproj", "{6FBA1044-55A8-4B67-A240-17AC2518B044}"
EndProject
Global
	GlobalSection(SolutionConfigurationPlatforms) = preSolution
		Debug|Any CPU = Debug|Any CPU
		Release|Any CPU = Release|Any CPU
	EndGlobalSection
	GlobalSection(ProjectConfigurationPlatforms) = postSolution
		{DDB6704D-1337-479F-84FF-46BB70959760}.Debug|Any CPU.ActiveCfg = Debug|Any CPU
		{DDB6704D-1337-479F-84FF-46BB70959760}.Debug|Any CPU.Build.0 = Debug|Any CPU
		{DDB6704D-1337-479F-84FF-46BB70959760}.Release|Any CPU.ActiveCfg = Release|Any CPU
		{DDB6704D-1337-479F-84FF-46BB70959760}.Release|Any CPU.Build.0 = Release|Any CPU
		{6FBA1044-55A8-4B67-A240-17AC2518B044}.Debug|Any CPU.ActiveCfg = Debug|Any CPU
		{6FBA1044-55A8-4B67-A240-17AC2518B044}.Debug|Any CPU.Build.0 = Debug|Any CPU
		{6FBA1044-55A8-4B67-A240-17AC2518B044}.Release|Any CPU.ActiveCfg = Release|Any CPU
		{6FBA1044-55A8-4B67-A240-17AC2518B044}.Release|Any CPU.Build.0 = Release|Any CPU
	EndGlobalSection
	GlobalSection(SolutionProperties) = preSolution
		HideSolutionNode = FALSE
	EndGlobalSection
	GlobalSection(ExtensibilityGlobals) = postSolution
		SolutionGuid = {AB24D20A-28C8-4317-BF58-BDE1333387CF}
	EndGlobalSection
EndGlobal
